
Microsoft Visual Studio Solution File, Format Version 12.00
# Visual Studio Version 17
VisualStudioVersion = 17.7.34031.279
MinimumVisualStudioVersion = 10.0.40219.1
Project("{FAE04EC0-301F-11D3-BF4B-00C04F79EFBC}") = "App.WebApi", "App.WebApi\App.WebApi.csproj", "{EC41E706-E78F-A7CE-03AA-A97C4B98EDB7}"
EndProject
Project("{FAE04EC0-301F-11D3-BF4B-00C04F79EFBC}") = "App.Core", "App.Core\App.Core.csproj", "{15B6EBB4-67B4-4667-943F-9F94FCF815DD}"
EndProject
Project("{FAE04EC0-301F-11D3-BF4B-00C04F79EFBC}") = "App.Infrastructure", "App.Infrastructure\App.Infrastructure.csproj", "{1068812D-7877-41A3-A6A9-F36D0FF1B99C}"
EndProject
Project("{FAE04EC0-301F-11D3-BF4B-00C04F79EFBC}") = "App.Application", "App.Application\App.Application.csproj", "{2DF54E6C-8245-4973-93E5-A7E1005884F7}"
EndProject
Global
	GlobalSection(SolutionConfigurationPlatforms) = preSolution
		Debug|Any CPU = Debug|Any CPU
		Release|Any CPU = Release|Any CPU
	EndGlobalSection
	GlobalSection(ProjectConfigurationPlatforms) = postSolution
		{EC41E706-E78F-A7CE-03AA-A97C4B98EDB7}.Debug|Any CPU.ActiveCfg = Debug|Any CPU
		{EC41E706-E78F-A7CE-03AA-A97C4B98EDB7}.Debug|Any CPU.Build.0 = Debug|Any CPU
		{EC41E706-E78F-A7CE-03AA-A97C4B98EDB7}.Release|Any CPU.ActiveCfg = Release|Any CPU
		{EC41E706-E78F-A7CE-03AA-A97C4B98EDB7}.Release|Any CPU.Build.0 = Release|Any CPU
		{15B6EBB4-67B4-4667-943F-9F94FCF815DD}.Debug|Any CPU.ActiveCfg = Debug|Any CPU
		{15B6EBB4-67B4-4667-943F-9F94FCF815DD}.Debug|Any CPU.Build.0 = Debug|Any CPU
		{15B6EBB4-67B4-4667-943F-9F94FCF815DD}.Release|Any CPU.ActiveCfg = Release|Any CPU
		{15B6EBB4-67B4-4667-943F-9F94FCF815DD}.Release|Any CPU.Build.0 = Release|Any CPU
		{1068812D-7877-41A3-A6A9-F36D0FF1B99C}.Debug|Any CPU.ActiveCfg = Debug|Any CPU
		{1068812D-7877-41A3-A6A9-F36D0FF1B99C}.Debug|Any CPU.Build.0 = Debug|Any CPU
		{1068812D-7877-41A3-A6A9-F36D0FF1B99C}.Release|Any CPU.ActiveCfg = Release|Any CPU
		{1068812D-7877-41A3-A6A9-F36D0FF1B99C}.Release|Any CPU.Build.0 = Release|Any CPU
		{2DF54E6C-8245-4973-93E5-A7E1005884F7}.Debug|Any CPU.ActiveCfg = Debug|Any CPU
		{2DF54E6C-8245-4973-93E5-A7E1005884F7}.Debug|Any CPU.Build.0 = Debug|Any CPU
		{2DF54E6C-8245-4973-93E5-A7E1005884F7}.Release|Any CPU.ActiveCfg = Release|Any CPU
		{2DF54E6C-8245-4973-93E5-A7E1005884F7}.Release|Any CPU.Build.0 = Release|Any CPU
	EndGlobalSection
	GlobalSection(SolutionProperties) = preSolution
		HideSolutionNode = FALSE
	EndGlobalSection
	GlobalSection(ExtensibilityGlobals) = postSolution
		SolutionGuid = {40A31E63-153B-4087-8740-9D575A1FFE5B}
		VisualSVNWorkingCopyRoot = .
	EndGlobalSection
EndGlobal
